
Microsoft Visual Studio Solution File, Format Version 12.00
# Visual Studio 2013
VisualStudioVersion = 12.0.30501.0
MinimumVisualStudioVersion = 10.0.40219.1
Project("{FAE04EC0-301F-11D3-BF4B-00C04F79EFBC}") = "Meziantou.SwissKnife", "Meziantou.SwissKnife\Meziantou.SwissKnife.csproj", "{9A2B31E1-8514-4163-8F79-393D3641AC33}"
EndProject
Project("{2150E333-8FDC-42A3-9474-1A3956D46DE8}") = "Solution Items", "Solution Items", "{F100EED3-E3FF-4A1D-952A-C052B88598E8}"
	ProjectSection(SolutionItems) = preProject
		WebEssentials-Settings.json = WebEssentials-Settings.json
	EndProjectSection
EndProject
Global
	GlobalSection(SolutionConfigurationPlatforms) = preSolution
		Debug|Any CPU = Debug|Any CPU
		Release|Any CPU = Release|Any CPU
	EndGlobalSection
	GlobalSection(ProjectConfigurationPlatforms) = postSolution
		{9A2B31E1-8514-4163-8F79-393D3641AC33}.Debug|Any CPU.ActiveCfg = Debug|Any CPU
		{9A2B31E1-8514-4163-8F79-393D3641AC33}.Debug|Any CPU.Build.0 = Debug|Any CPU
		{9A2B31E1-8514-4163-8F79-393D3641AC33}.Release|Any CPU.ActiveCfg = Release|Any CPU
		{9A2B31E1-8514-4163-8F79-393D3641AC33}.Release|Any CPU.Build.0 = Release|Any CPU
	EndGlobalSection
	GlobalSection(SolutionProperties) = preSolution
		HideSolutionNode = FALSE
	EndGlobalSection
EndGlobal
